
Microsoft Visual Studio Solution File, Format Version 12.00
# Visual Studio 2012
Project("{F184B08F-C81C-45F6-A57F-5ABD9991F28F}") = "Wikipedia_dev", "Wikipedia_dev\Wikipedia_dev.vbproj", "{7CE9B61F-AC98-4ED2-A50C-D8DE51592405}"
EndProject
Project("{F184B08F-C81C-45F6-A57F-5ABD9991F28F}") = "Wikipedia_devWeb", "Wikipedia_devWeb\Wikipedia_devWeb.vbproj", "{043886EE-2487-4D22-8884-9C5F739934A5}"
EndProject
Project("{F184B08F-C81C-45F6-A57F-5ABD9991F28F}") = "SandboxWeb", "SandboxWeb\SandboxWeb.vbproj", "{8E0BE35E-F700-4DA9-8F73-1B71AE2699CF}"
EndProject
Global
	GlobalSection(SolutionConfigurationPlatforms) = preSolution
		Debug|Any CPU = Debug|Any CPU
		Release|Any CPU = Release|Any CPU
	EndGlobalSection
	GlobalSection(ProjectConfigurationPlatforms) = postSolution
		{7CE9B61F-AC98-4ED2-A50C-D8DE51592405}.Debug|Any CPU.ActiveCfg = Debug|Any CPU
		{7CE9B61F-AC98-4ED2-A50C-D8DE51592405}.Debug|Any CPU.Build.0 = Debug|Any CPU
		{7CE9B61F-AC98-4ED2-A50C-D8DE51592405}.Debug|Any CPU.Deploy.0 = Debug|Any CPU
		{7CE9B61F-AC98-4ED2-A50C-D8DE51592405}.Release|Any CPU.ActiveCfg = Release|Any CPU
		{7CE9B61F-AC98-4ED2-A50C-D8DE51592405}.Release|Any CPU.Build.0 = Release|Any CPU
		{7CE9B61F-AC98-4ED2-A50C-D8DE51592405}.Release|Any CPU.Deploy.0 = Release|Any CPU
		{043886EE-2487-4D22-8884-9C5F739934A5}.Debug|Any CPU.ActiveCfg = Debug|Any CPU
		{043886EE-2487-4D22-8884-9C5F739934A5}.Debug|Any CPU.Build.0 = Debug|Any CPU
		{043886EE-2487-4D22-8884-9C5F739934A5}.Release|Any CPU.ActiveCfg = Release|Any CPU
		{043886EE-2487-4D22-8884-9C5F739934A5}.Release|Any CPU.Build.0 = Release|Any CPU
		{8E0BE35E-F700-4DA9-8F73-1B71AE2699CF}.Debug|Any CPU.ActiveCfg = Debug|Any CPU
		{8E0BE35E-F700-4DA9-8F73-1B71AE2699CF}.Debug|Any CPU.Build.0 = Debug|Any CPU
		{8E0BE35E-F700-4DA9-8F73-1B71AE2699CF}.Release|Any CPU.ActiveCfg = Release|Any CPU
		{8E0BE35E-F700-4DA9-8F73-1B71AE2699CF}.Release|Any CPU.Build.0 = Release|Any CPU
	EndGlobalSection
	GlobalSection(SolutionProperties) = preSolution
		HideSolutionNode = FALSE
	EndGlobalSection
EndGlobal
